// !$*UTF8*$!
{
	archiveVersion = 1;
	classes = {
	};
	objectVersion = 50;
	objects = {

/* Begin PBXBuildFile section */
		E95E4C4024C5DF740072DAC8 /* SoundFile.swift in Sources */ = {isa = PBXBuildFile; fileRef = E95E4C3F24C5DF740072DAC8 /* SoundFile.swift */; };
		E96B9F0E24B1FAF100EF23D7 /* batsuSound.mp3 in Resources */ = {isa = PBXBuildFile; fileRef = E96B9F0D24B1FAF100EF23D7 /* batsuSound.mp3 */; };
		E96B9F1124B1FB0A00EF23D7 /* maruSound.mp3 in Resources */ = {isa = PBXBuildFile; fileRef = E96B9F0F24B1FB0A00EF23D7 /* maruSound.mp3 */; };
		E96B9F1224B1FB0A00EF23D7 /* sound.mp3 in Resources */ = {isa = PBXBuildFile; fileRef = E96B9F1024B1FB0A00EF23D7 /* sound.mp3 */; };
		E96B9F1724B1FFE500EF23D7 /* NextViewController.swift in Sources */ = {isa = PBXBuildFile; fileRef = E96B9F1624B1FFE500EF23D7 /* NextViewController.swift */; };
		E96B9F1924B282DD00EF23D7 /* ImagesModel.swift in Sources */ = {isa = PBXBuildFile; fileRef = E96B9F1824B282DD00EF23D7 /* ImagesModel.swift */; };
		E96B9F1B24B283CD00EF23D7 /* ImagesList.swift in Sources */ = {isa = PBXBuildFile; fileRef = E96B9F1A24B283CD00EF23D7 /* ImagesList.swift */; };
		E99BAF4324B17DF5000A2DDF /* AppDelegate.swift in Sources */ = {isa = PBXBuildFile; fileRef = E99BAF4224B17DF5000A2DDF /* AppDelegate.swift */; };
		E99BAF4524B17DF5000A2DDF /* SceneDelegate.swift in Sources */ = {isa = PBXBuildFile; fileRef = E99BAF4424B17DF5000A2DDF /* SceneDelegate.swift */; };
		E99BAF4724B17DF5000A2DDF /* ViewController.swift in Sources */ = {isa = PBXBuildFile; fileRef = E99BAF4624B17DF5000A2DDF /* ViewController.swift */; };
		E99BAF4A24B17DF5000A2DDF /* Main.storyboard in Resources */ = {isa = PBXBuildFile; fileRef = E99BAF4824B17DF5000A2DDF /* Main.storyboard */; };
		E99BAF4C24B17DF9000A2DDF /* Assets.xcassets in Resources */ = {isa = PBXBuildFile; fileRef = E99BAF4B24B17DF9000A2DDF /* Assets.xcassets */; };
		E99BAF4F24B17DF9000A2DDF /* LaunchScreen.storyboard in Resources */ = {isa = PBXBuildFile; fileRef = E99BAF4D24B17DF9000A2DDF /* LaunchScreen.storyboard */; };
/* End PBXBuildFile section */

/* Begin PBXFileReference section */
		E95E4C3F24C5DF740072DAC8 /* SoundFile.swift */ = {isa = PBXFileReference; lastKnownFileType = sourcecode.swift; path = SoundFile.swift; sourceTree = "<group>"; };
		E96B9F0D24B1FAF100EF23D7 /* batsuSound.mp3 */ = {isa = PBXFileReference; lastKnownFileType = audio.mp3; path = batsuSound.mp3; sourceTree = "<group>"; };
		E96B9F0F24B1FB0A00EF23D7 /* maruSound.mp3 */ = {isa = PBXFileReference; lastKnownFileType = audio.mp3; path = maruSound.mp3; sourceTree = "<group>"; };
		E96B9F1024B1FB0A00EF23D7 /* sound.mp3 */ = {isa = PBXFileReference; lastKnownFileType = audio.mp3; path = sound.mp3; sourceTree = "<group>"; };
		E96B9F1624B1FFE500EF23D7 /* NextViewController.swift */ = {isa = PBXFileReference; lastKnownFileType = sourcecode.swift; path = NextViewController.swift; sourceTree = "<group>"; };
		E96B9F1824B282DD00EF23D7 /* ImagesModel.swift */ = {isa = PBXFileReference; lastKnownFileType = sourcecode.swift; path = ImagesModel.swift; sourceTree = "<group>"; };
		E96B9F1A24B283CD00EF23D7 /* ImagesList.swift */ = {isa = PBXFileReference; lastKnownFileType = sourcecode.swift; path = ImagesList.swift; sourceTree = "<group>"; };
		E99BAF3F24B17DF5000A2DDF /* QuestionApp1.app */ = {isa = PBXFileReference; explicitFileType = wrapper.application; includeInIndex = 0; path = QuestionApp1.app; sourceTree = BUILT_PRODUCTS_DIR; };
		E99BAF4224B17DF5000A2DDF /* AppDelegate.swift */ = {isa = PBXFileReference; lastKnownFileType = sourcecode.swift; path = AppDelegate.swift; sourceTree = "<group>"; };
		E99BAF4424B17DF5000A2DDF /* SceneDelegate.swift */ = {isa = PBXFileReference; lastKnownFileType = sourcecode.swift; path = SceneDelegate.swift; sourceTree = "<group>"; };
		E99BAF4624B17DF5000A2DDF /* ViewController.swift */ = {isa = PBXFileReference; lastKnownFileType = sourcecode.swift; path = ViewController.swift; sourceTree = "<group>"; };
		E99BAF4924B17DF5000A2DDF /* Base */ = {isa = PBXFileReference; lastKnownFileType = file.storyboard; name = Base; path = Base.lproj/Main.storyboard; sourceTree = "<group>"; };
		E99BAF4B24B17DF9000A2DDF /* Assets.xcassets */ = {isa = PBXFileReference; lastKnownFileType = folder.assetcatalog; path = Assets.xcassets; sourceTree = "<group>"; };
		E99BAF4E24B17DF9000A2DDF /* Base */ = {isa = PBXFileReference; lastKnownFileType = file.storyboard; name = Base; path = Base.lproj/LaunchScreen.storyboard; sourceTree = "<group>"; };
		E99BAF5024B17DF9000A2DDF /* Info.plist */ = {isa = PBXFileReference; lastKnownFileType = text.plist.xml; path = Info.plist; sourceTree = "<group>"; };
/* End PBXFileReference section */

/* Begin PBXFrameworksBuildPhase section */
		E99BAF3C24B17DF4000A2DDF /* Frameworks */ = {
			isa = PBXFrameworksBuildPhase;
			buildActionMask = 2147483647;
			files = (
			);
			runOnlyForDeploymentPostprocessing = 0;
		};
/* End PBXFrameworksBuildPhase section */

/* Begin PBXGroup section */
		E96B9F1324B1FEF700EF23D7 /* Model */ = {
			isa = PBXGroup;
			children = (
				E96B9F1824B282DD00EF23D7 /* ImagesModel.swift */,
				E96B9F1A24B283CD00EF23D7 /* ImagesList.swift */,
				E95E4C3F24C5DF740072DAC8 /* SoundFile.swift */,
			);
			path = Model;
			sourceTree = "<group>";
		};
		E96B9F1424B1FF0900EF23D7 /* View */ = {
			isa = PBXGroup;
			children = (
				E99BAF4824B17DF5000A2DDF /* Main.storyboard */,
				E99BAF4B24B17DF9000A2DDF /* Assets.xcassets */,
			);
			path = View;
			sourceTree = "<group>";
		};
		E96B9F1524B1FF1100EF23D7 /* Controller */ = {
			isa = PBXGroup;
			children = (
				E99BAF4224B17DF5000A2DDF /* AppDelegate.swift */,
				E99BAF4424B17DF5000A2DDF /* SceneDelegate.swift */,
				E99BAF4624B17DF5000A2DDF /* ViewController.swift */,
				E96B9F1624B1FFE500EF23D7 /* NextViewController.swift */,
			);
			path = Controller;
			sourceTree = "<group>";
		};
		E99BAF3624B17DF4000A2DDF = {
			isa = PBXGroup;
			children = (
				E99BAF4124B17DF5000A2DDF /* QuestionApp1 */,
				E99BAF4024B17DF5000A2DDF /* Products */,
			);
			sourceTree = "<group>";
		};
		E99BAF4024B17DF5000A2DDF /* Products */ = {
			isa = PBXGroup;
			children = (
				E99BAF3F24B17DF5000A2DDF /* QuestionApp1.app */,
			);
			name = Products;
			sourceTree = "<group>";
		};
		E99BAF4124B17DF5000A2DDF /* QuestionApp1 */ = {
			isa = PBXGroup;
			children = (
				E96B9F1324B1FEF700EF23D7 /* Model */,
				E96B9F1424B1FF0900EF23D7 /* View */,
				E96B9F1524B1FF1100EF23D7 /* Controller */,
				E96B9F0D24B1FAF100EF23D7 /* batsuSound.mp3 */,
				E96B9F0F24B1FB0A00EF23D7 /* maruSound.mp3 */,
				E96B9F1024B1FB0A00EF23D7 /* sound.mp3 */,
				E99BAF4D24B17DF9000A2DDF /* LaunchScreen.storyboard */,
				E99BAF5024B17DF9000A2DDF /* Info.plist */,
			);
			path = QuestionApp1;
			sourceTree = "<group>";
		};
/* End PBXGroup section */

/* Begin PBXNativeTarget section */
		E99BAF3E24B17DF4000A2DDF /* QuestionApp1 */ = {
			isa = PBXNativeTarget;
			buildConfigurationList = E99BAF5324B17DF9000A2DDF /* Build configuration list for PBXNativeTarget "QuestionApp1" */;
			buildPhases = (
				E99BAF3B24B17DF4000A2DDF /* Sources */,
				E99BAF3C24B17DF4000A2DDF /* Frameworks */,
				E99BAF3D24B17DF4000A2DDF /* Resources */,
			);
			buildRules = (
			);
			dependencies = (
			);
			name = QuestionApp1;
			productName = QuestionApp1;
			productReference = E99BAF3F24B17DF5000A2DDF /* QuestionApp1.app */;
			productType = "com.apple.product-type.application";
		};
/* End PBXNativeTarget section */

/* Begin PBXProject section */
		E99BAF3724B17DF4000A2DDF /* Project object */ = {
			isa = PBXProject;
			attributes = {
				LastSwiftUpdateCheck = 1150;
				LastUpgradeCheck = 1150;
				ORGANIZATIONNAME = "Akira Noguchi";
				TargetAttributes = {
					E99BAF3E24B17DF4000A2DDF = {
						CreatedOnToolsVersion = 11.5;
					};
				};
			};
			buildConfigurationList = E99BAF3A24B17DF4000A2DDF /* Build configuration list for PBXProject "QuestionApp1" */;
			compatibilityVersion = "Xcode 9.3";
			developmentRegion = en;
			hasScannedForEncodings = 0;
			knownRegions = (
				en,
				Base,
			);
			mainGroup = E99BAF3624B17DF4000A2DDF;
			productRefGroup = E99BAF4024B17DF5000A2DDF /* Products */;
			projectDirPath = "";
			projectRoot = "";
			targets = (
				E99BAF3E24B17DF4000A2DDF /* QuestionApp1 */,
			);
		};
/* End PBXProject section */

/* Begin PBXResourcesBuildPhase section */
		E99BAF3D24B17DF4000A2DDF /* Resources */ = {
			isa = PBXResourcesBuildPhase;
			buildActionMask = 2147483647;
			files = (
				E96B9F0E24B1FAF100EF23D7 /* batsuSound.mp3 in Resources */,
				E96B9F1124B1FB0A00EF23D7 /* maruSound.mp3 in Resources */,
				E99BAF4F24B17DF9000A2DDF /* LaunchScreen.storyboard in Resources */,
				E99BAF4C24B17DF9000A2DDF /* Assets.xcassets in Resources */,
				E96B9F1224B1FB0A00EF23D7 /* sound.mp3 in Resources */,
				E99BAF4A24B17DF5000A2DDF /* Main.storyboard in Resources */,
			);
			runOnlyForDeploymentPostprocessing = 0;
		};
/* End PBXResourcesBuildPhase section */

/* Begin PBXSourcesBuildPhase section */
		E99BAF3B24B17DF4000A2DDF /* Sources */ = {
			isa = PBXSourcesBuildPhase;
			buildActionMask = 2147483647;
			files = (
				E99BAF4724B17DF5000A2DDF /* ViewController.swift in Sources */,
				E95E4C4024C5DF740072DAC8 /* SoundFile.swift in Sources */,
				E96B9F1B24B283CD00EF23D7 /* ImagesList.swift in Sources */,
				E96B9F1724B1FFE500EF23D7 /* NextViewController.swift in Sources */,
				E99BAF4324B17DF5000A2DDF /* AppDelegate.swift in Sources */,
				E99BAF4524B17DF5000A2DDF /* SceneDelegate.swift in Sources */,
				E96B9F1924B282DD00EF23D7 /* ImagesModel.swift in Sources */,
			);
			runOnlyForDeploymentPostprocessing = 0;
		};
/* End PBXSourcesBuildPhase section */

/* Begin PBXVariantGroup section */
		E99BAF4824B17DF5000A2DDF /* Main.storyboard */ = {
			isa = PBXVariantGroup;
			children = (
				E99BAF4924B17DF5000A2DDF /* Base */,
			);
			name = Main.storyboard;
			sourceTree = "<group>";
		};
		E99BAF4D24B17DF9000A2DDF /* LaunchScreen.storyboard */ = {
			isa = PBXVariantGroup;
			children = (
				E99BAF4E24B17DF9000A2DDF /* Base */,
			);
			name = LaunchScreen.storyboard;
			sourceTree = "<group>";
		};
/* End PBXVariantGroup section */

/* Begin XCBuildConfiguration section */
		E99BAF5124B17DF9000A2DDF /* Debug */ = {
			isa = XCBuildConfiguration;
			buildSettings = {
				ALWAYS_SEARCH_USER_PATHS = NO;
				CLANG_ANALYZER_NONNULL = YES;
				CLANG_ANALYZER_NUMBER_OBJECT_CONVERSION = YES_AGGRESSIVE;
				CLANG_CXX_LANGUAGE_STANDARD = "gnu++14";
				CLANG_CXX_LIBRARY = "libc++";
				CLANG_ENABLE_MODULES = YES;
				CLANG_ENABLE_OBJC_ARC = YES;
				CLANG_ENABLE_OBJC_WEAK = YES;
				CLANG_WARN_BLOCK_CAPTURE_AUTORELEASING = YES;
				CLANG_WARN_BOOL_CONVERSION = YES;
				CLANG_WARN_COMMA = YES;
				CLANG_WARN_CONSTANT_CONVERSION = YES;
				CLANG_WARN_DEPRECATED_OBJC_IMPLEMENTATIONS = YES;
				CLANG_WARN_DIRECT_OBJC_ISA_USAGE = YES_ERROR;
				CLANG_WARN_DOCUMENTATION_COMMENTS = YES;
				CLANG_WARN_EMPTY_BODY = YES;
				CLANG_WARN_ENUM_CONVERSION = YES;
				CLANG_WARN_INFINITE_RECURSION = YES;
				CLANG_WARN_INT_CONVERSION = YES;
				CLANG_WARN_NON_LITERAL_NULL_CONVERSION = YES;
				CLANG_WARN_OBJC_IMPLICIT_RETAIN_SELF = YES;
				CLANG_WARN_OBJC_LITERAL_CONVERSION = YES;
				CLANG_WARN_OBJC_ROOT_CLASS = YES_ERROR;
				CLANG_WARN_RANGE_LOOP_ANALYSIS = YES;
				CLANG_WARN_STRICT_PROTOTYPES = YES;
				CLANG_WARN_SUSPICIOUS_MOVE = YES;
				CLANG_WARN_UNGUARDED_AVAILABILITY = YES_AGGRESSIVE;
				CLANG_WARN_UNREACHABLE_CODE = YES;
				CLANG_WARN__DUPLICATE_METHOD_MATCH = YES;
				COPY_PHASE_STRIP = NO;
				DEBUG_INFORMATION_FORMAT = dwarf;
				ENABLE_STRICT_OBJC_MSGSEND = YES;
				ENABLE_TESTABILITY = YES;
				GCC_C_LANGUAGE_STANDARD = gnu11;
				GCC_DYNAMIC_NO_PIC = NO;
				GCC_NO_COMMON_BLOCKS = YES;
				GCC_OPTIMIZATION_LEVEL = 0;
				GCC_PREPROCESSOR_DEFINITIONS = (
					"DEBUG=1",
					"$(inherited)",
				);
				GCC_WARN_64_TO_32_BIT_CONVERSION = YES;
				GCC_WARN_ABOUT_RETURN_TYPE = YES_ERROR;
				GCC_WARN_UNDECLARED_SELECTOR = YES;
				GCC_WARN_UNINITIALIZED_AUTOS = YES_AGGRESSIVE;
				GCC_WARN_UNUSED_FUNCTION = YES;
				GCC_WARN_UNUSED_VARIABLE = YES;
				IPHONEOS_DEPLOYMENT_TARGET = 13.5;
				MTL_ENABLE_DEBUG_INFO = INCLUDE_SOURCE;
				MTL_FAST_MATH = YES;
				ONLY_ACTIVE_ARCH = YES;
				SDKROOT = iphoneos;
				SWIFT_ACTIVE_COMPILATION_CONDITIONS = DEBUG;
				SWIFT_OPTIMIZATION_LEVEL = "-Onone";
			};
			name = Debug;
		};
		E99BAF5224B17DF9000A2DDF /* Release */ = {
			isa = XCBuildConfiguration;
			buildSettings = {
				ALWAYS_SEARCH_USER_PATHS = NO;
				CLANG_ANALYZER_NONNULL = YES;
				CLANG_ANALYZER_NUMBER_OBJECT_CONVERSION = YES_AGGRESSIVE;
				CLANG_CXX_LANGUAGE_STANDARD = "gnu++14";
				CLANG_CXX_LIBRARY = "libc++";
				CLANG_ENABLE_MODULES = YES;
				CLANG_ENABLE_OBJC_ARC = YES;
				CLANG_ENABLE_OBJC_WEAK = YES;
				CLANG_WARN_BLOCK_CAPTURE_AUTORELEASING = YES;
				CLANG_WARN_BOOL_CONVERSION = YES;
				CLANG_WARN_COMMA = YES;
				CLANG_WARN_CONSTANT_CONVERSION = YES;
				CLANG_WARN_DEPRECATED_OBJC_IMPLEMENTATIONS = YES;
				CLANG_WARN_DIRECT_OBJC_ISA_USAGE = YES_ERROR;
				CLANG_WARN_DOCUMENTATION_COMMENTS = YES;
				CLANG_WARN_EMPTY_BODY = YES;
				CLANG_WARN_ENUM_CONVERSION = YES;
				CLANG_WARN_INFINITE_RECURSION = YES;
				CLANG_WARN_INT_CONVERSION = YES;
				CLANG_WARN_NON_LITERAL_NULL_CONVERSION = YES;
				CLANG_WARN_OBJC_IMPLICIT_RETAIN_SELF = YES;
				CLANG_WARN_OBJC_LITERAL_CONVERSION = YES;
				CLANG_WARN_OBJC_ROOT_CLASS = YES_ERROR;
				CLANG_WARN_RANGE_LOOP_ANALYSIS = YES;
				CLANG_WARN_STRICT_PROTOTYPES = YES;
				CLANG_WARN_SUSPICIOUS_MOVE = YES;
				CLANG_WARN_UNGUARDED_AVAILABILITY = YES_AGGRESSIVE;
				CLANG_WARN_UNREACHABLE_CODE = YES;
				CLANG_WARN__DUPLICATE_METHOD_MATCH = YES;
				COPY_PHASE_STRIP = NO;
				DEBUG_INFORMATION_FORMAT = "dwarf-with-dsym";
				ENABLE_NS_ASSERTIONS = NO;
				ENABLE_STRICT_OBJC_MSGSEND = YES;
				GCC_C_LANGUAGE_STANDARD = gnu11;
				GCC_NO_COMMON_BLOCKS = YES;
				GCC_WARN_64_TO_32_BIT_CONVERSION = YES;
				GCC_WARN_ABOUT_RETURN_TYPE = YES_ERROR;
				GCC_WARN_UNDECLARED_SELECTOR = YES;
				GCC_WARN_UNINITIALIZED_AUTOS = YES_AGGRESSIVE;
				GCC_WARN_UNUSED_FUNCTION = YES;
				GCC_WARN_UNUSED_VARIABLE = YES;
				IPHONEOS_DEPLOYMENT_TARGET = 13.5;
				MTL_ENABLE_DEBUG_INFO = NO;
				MTL_FAST_MATH = YES;
				SDKROOT = iphoneos;
				SWIFT_COMPILATION_MODE = wholemodule;
				SWIFT_OPTIMIZATION_LEVEL = "-O";
				VALIDATE_PRODUCT = YES;
			};
			name = Release;
		};
		E99BAF5424B17DF9000A2DDF /* Debug */ = {
			isa = XCBuildConfiguration;
			buildSettings = {
				ASSETCATALOG_COMPILER_APPICON_NAME = AppIcon;
				CODE_SIGN_STYLE = Automatic;
				INFOPLIST_FILE = QuestionApp1/Info.plist;
				LD_RUNPATH_SEARCH_PATHS = (
					"$(inherited)",
					"@executable_path/Frameworks",
				);
				PRODUCT_BUNDLE_IDENTIFIER = com.swiftapp.QuestionApp1;
				PRODUCT_NAME = "$(TARGET_NAME)";
				SWIFT_VERSION = 5.0;
				TARGETED_DEVICE_FAMILY = 1;
			};
			name = Debug;
		};
		E99BAF5524B17DF9000A2DDF /* Release */ = {
			isa = XCBuildConfiguration;
			buildSettings = {
				ASSETCATALOG_COMPILER_APPICON_NAME = AppIcon;
				CODE_SIGN_STYLE = Automatic;
				INFOPLIST_FILE = QuestionApp1/Info.plist;
				LD_RUNPATH_SEARCH_PATHS = (
					"$(inherited)",
					"@executable_path/Frameworks",
				);
				PRODUCT_BUNDLE_IDENTIFIER = com.swiftapp.QuestionApp1;
				PRODUCT_NAME = "$(TARGET_NAME)";
				SWIFT_VERSION = 5.0;
				TARGETED_DEVICE_FAMILY = 1;
			};
			name = Release;
		};
/* End XCBuildConfiguration section */

/* Begin XCConfigurationList section */
		E99BAF3A24B17DF4000A2DDF /* Build configuration list for PBXProject "QuestionApp1" */ = {
			isa = XCConfigurationList;
			buildConfigurations = (
				E99BAF5124B17DF9000A2DDF /* Debug */,
				E99BAF5224B17DF9000A2DDF /* Release */,
			);
			defaultConfigurationIsVisible = 0;
			defaultConfigurationName = Release;
		};
		E99BAF5324B17DF9000A2DDF /* Build configuration list for PBXNativeTarget "QuestionApp1" */ = {
			isa = XCConfigurationList;
			buildConfigurations = (
				E99BAF5424B17DF9000A2DDF /* Debug */,
				E99BAF5524B17DF9000A2DDF /* Release */,
			);
			defaultConfigurationIsVisible = 0;
			defaultConfigurationName = Release;
		};
/* End XCConfigurationList section */
	};
	rootObject = E99BAF3724B17DF4000A2DDF /* Project object */;
}
